
Microsoft Visual Studio Solution File, Format Version 11.00
# Visual Studio 2010
Project("{FAE04EC0-301F-11D3-BF4B-00C04F79EFBC}") = "KeyCur", "KeyCur\KeyCur.csproj", "{796111EC-1C59-477A-A317-35E554A135B9}"
EndProject
Project("{54435603-DBB4-11D2-8724-00A0C9A8B90C}") = "KeyCur Setup", "KeyCur Setup\KeyCur Setup.vdproj", "{D0DE5B1E-4A4B-4DB1-8212-9DF7B32C796A}"
EndProject
Project("{FAE04EC0-301F-11D3-BF4B-00C04F79EFBC}") = "KeyCur Loader", "KeyCur Loader\KeyCur Loader.csproj", "{6FD2423E-DC52-47D1-B577-47EC7CD87AC3}"
EndProject
Project("{FAE04EC0-301F-11D3-BF4B-00C04F79EFBC}") = "KeyCur.Core", "KeyCur.Core\KeyCur.Core.csproj", "{A7782839-799F-4D36-BE4E-B8B8D19A0F40}"
EndProject
Global
	GlobalSection(SolutionConfigurationPlatforms) = preSolution
		Debug|Any CPU = Debug|Any CPU
		Debug|Mixed Platforms = Debug|Mixed Platforms
		Debug|x86 = Debug|x86
		Release|Any CPU = Release|Any CPU
		Release|Mixed Platforms = Release|Mixed Platforms
		Release|x86 = Release|x86
	EndGlobalSection
	GlobalSection(ProjectConfigurationPlatforms) = postSolution
		{796111EC-1C59-477A-A317-35E554A135B9}.Debug|Any CPU.ActiveCfg = Debug|x86
		{796111EC-1C59-477A-A317-35E554A135B9}.Debug|Mixed Platforms.ActiveCfg = Debug|x86
		{796111EC-1C59-477A-A317-35E554A135B9}.Debug|Mixed Platforms.Build.0 = Debug|x86
		{796111EC-1C59-477A-A317-35E554A135B9}.Debug|x86.ActiveCfg = Debug|x86
		{796111EC-1C59-477A-A317-35E554A135B9}.Debug|x86.Build.0 = Debug|x86
		{796111EC-1C59-477A-A317-35E554A135B9}.Release|Any CPU.ActiveCfg = Release|x86
		{796111EC-1C59-477A-A317-35E554A135B9}.Release|Mixed Platforms.ActiveCfg = Release|x86
		{796111EC-1C59-477A-A317-35E554A135B9}.Release|Mixed Platforms.Build.0 = Release|x86
		{796111EC-1C59-477A-A317-35E554A135B9}.Release|x86.ActiveCfg = Release|x86
		{796111EC-1C59-477A-A317-35E554A135B9}.Release|x86.Build.0 = Release|x86
		{D0DE5B1E-4A4B-4DB1-8212-9DF7B32C796A}.Debug|Any CPU.ActiveCfg = Debug
		{D0DE5B1E-4A4B-4DB1-8212-9DF7B32C796A}.Debug|Any CPU.Build.0 = Debug
		{D0DE5B1E-4A4B-4DB1-8212-9DF7B32C796A}.Debug|Mixed Platforms.ActiveCfg = Debug
		{D0DE5B1E-4A4B-4DB1-8212-9DF7B32C796A}.Debug|Mixed Platforms.Build.0 = Debug
		{D0DE5B1E-4A4B-4DB1-8212-9DF7B32C796A}.Debug|x86.ActiveCfg = Debug
		{D0DE5B1E-4A4B-4DB1-8212-9DF7B32C796A}.Release|Any CPU.ActiveCfg = Release
		{D0DE5B1E-4A4B-4DB1-8212-9DF7B32C796A}.Release|Any CPU.Build.0 = Release
		{D0DE5B1E-4A4B-4DB1-8212-9DF7B32C796A}.Release|Mixed Platforms.ActiveCfg = Release
		{D0DE5B1E-4A4B-4DB1-8212-9DF7B32C796A}.Release|Mixed Platforms.Build.0 = Release
		{D0DE5B1E-4A4B-4DB1-8212-9DF7B32C796A}.Release|x86.ActiveCfg = Release
		{6FD2423E-DC52-47D1-B577-47EC7CD87AC3}.Debug|Any CPU.ActiveCfg = Debug|x86
		{6FD2423E-DC52-47D1-B577-47EC7CD87AC3}.Debug|Mixed Platforms.ActiveCfg = Debug|x86
		{6FD2423E-DC52-47D1-B577-47EC7CD87AC3}.Debug|Mixed Platforms.Build.0 = Debug|x86
		{6FD2423E-DC52-47D1-B577-47EC7CD87AC3}.Debug|x86.ActiveCfg = Debug|x86
		{6FD2423E-DC52-47D1-B577-47EC7CD87AC3}.Debug|x86.Build.0 = Debug|x86
		{6FD2423E-DC52-47D1-B577-47EC7CD87AC3}.Release|Any CPU.ActiveCfg = Release|x86
		{6FD2423E-DC52-47D1-B577-47EC7CD87AC3}.Release|Mixed Platforms.ActiveCfg = Release|x86
		{6FD2423E-DC52-47D1-B577-47EC7CD87AC3}.Release|Mixed Platforms.Build.0 = Release|x86
		{6FD2423E-DC52-47D1-B577-47EC7CD87AC3}.Release|x86.ActiveCfg = Release|x86
		{6FD2423E-DC52-47D1-B577-47EC7CD87AC3}.Release|x86.Build.0 = Release|x86
		{A7782839-799F-4D36-BE4E-B8B8D19A0F40}.Debug|Any CPU.ActiveCfg = Debug|Any CPU
		{A7782839-799F-4D36-BE4E-B8B8D19A0F40}.Debug|Any CPU.Build.0 = Debug|Any CPU
		{A7782839-799F-4D36-BE4E-B8B8D19A0F40}.Debug|Mixed Platforms.ActiveCfg = Debug|Any CPU
		{A7782839-799F-4D36-BE4E-B8B8D19A0F40}.Debug|Mixed Platforms.Build.0 = Debug|Any CPU
		{A7782839-799F-4D36-BE4E-B8B8D19A0F40}.Debug|x86.ActiveCfg = Debug|Any CPU
		{A7782839-799F-4D36-BE4E-B8B8D19A0F40}.Release|Any CPU.ActiveCfg = Release|Any CPU
		{A7782839-799F-4D36-BE4E-B8B8D19A0F40}.Release|Any CPU.Build.0 = Release|Any CPU
		{A7782839-799F-4D36-BE4E-B8B8D19A0F40}.Release|Mixed Platforms.ActiveCfg = Release|Any CPU
		{A7782839-799F-4D36-BE4E-B8B8D19A0F40}.Release|Mixed Platforms.Build.0 = Release|Any CPU
		{A7782839-799F-4D36-BE4E-B8B8D19A0F40}.Release|x86.ActiveCfg = Release|Any CPU
	EndGlobalSection
	GlobalSection(SolutionProperties) = preSolution
		HideSolutionNode = FALSE
	EndGlobalSection
EndGlobal
